
Microsoft Visual Studio Solution File, Format Version 12.00
# Visual Studio Version 16
VisualStudioVersion = 16.0.30523.141
MinimumVisualStudioVersion = 10.0.40219.1
Project("{FAE04EC0-301F-11D3-BF4B-00C04F79EFBC}") = "APControlCentre", "APControlCentre\APControlCentre.csproj", "{DFA04EA2-016A-4697-B82E-6FB1CBE73666}"
EndProject
Global
	GlobalSection(SolutionConfigurationPlatforms) = preSolution
		Debug|Any CPU = Debug|Any CPU
		Release|Any CPU = Release|Any CPU
	EndGlobalSection
	GlobalSection(ProjectConfigurationPlatforms) = postSolution
		{DFA04EA2-016A-4697-B82E-6FB1CBE73666}.Debug|Any CPU.ActiveCfg = Debug|Any CPU
		{DFA04EA2-016A-4697-B82E-6FB1CBE73666}.Debug|Any CPU.Build.0 = Debug|Any CPU
		{DFA04EA2-016A-4697-B82E-6FB1CBE73666}.Release|Any CPU.ActiveCfg = Release|Any CPU
		{DFA04EA2-016A-4697-B82E-6FB1CBE73666}.Release|Any CPU.Build.0 = Release|Any CPU
	EndGlobalSection
	GlobalSection(SolutionProperties) = preSolution
		HideSolutionNode = FALSE
	EndGlobalSection
	GlobalSection(ExtensibilityGlobals) = postSolution
		SolutionGuid = {8CB58BD3-A08E-4F25-9D05-FEC9197C2D46}
	EndGlobalSection
EndGlobal
